{
  "name": "zylos-identity-reflection",
  "version": "0.1.0",
  "lockfileVersion": 3,
  "requires": true,
  "packages": {
    "": {
      "name": "zylos-identity-reflection",
      "version": "0.1.0",
      "license": "MIT",
      "bin": {
        "zylos-identity-reflection": "scripts/reflect.js"
      },
      "engines": {
        "node": ">=20.0.0"
      }
    }
  }
}
